{
    "_readme": [
        "This file locks the dependencies of your project to a known state",
        "Read more about it at https://getcomposer.org/doc/01-basic-usage.md#composer-lock-the-lock-file",
        "This file is @generated automatically"
    ],
    "hash": "f5a49e7165225ba654f4fc54a45fcd89",
    "content-hash": "f755bb3b74d21eb6431368b78696631f",
    "packages": [
        {
            "name": "altmetric/mongo-session-handler",
            "version": "v1.0.0",
            "source": {
                "type": "git",
                "url": "https://github.com/altmetric/mongo-session-handler.git",
                "reference": "d943859cf7d8f1384ba8d9f8129cf977f8515eaa"
            },
            "dist": {
                "type": "zip",
                "url": "https://api.github.com/repos/altmetric/mongo-session-handler/zipball/d943859cf7d8f1384ba8d9f8129cf977f8515eaa",
                "reference": "d943859cf7d8f1384ba8d9f8129cf977f8515eaa",
                "shasum": ""
            },
            "require": {
                "php": ">= 5.4.0"
            },
            "require-dev": {
                "phpunit/phpunit": "4.5.*",
                "psr/log": "1.0.0"
            },
            "type": "library",
            "autoload": {
                "psr-4": {
                    "Altmetric\\": "src/"
                }
            },
            "notification-url": "https://packagist.org/downloads/",
            "license": [
                "MIT"
            ],
            "authors": [
                {
                    "name": "Paul Mucur",
                    "homepage": "http://mudge.name"
                }
            ],
            "description": "A PHP session handler backed by MongoDB.",
            "homepage": "https://github.com/altmetric/mongo-session-handler",
            "time": "2015-04-14 16:17:44"
        },
        {
            "name": "illuminate/container",
            "version": "4.2.x-dev",
            "target-dir": "Illuminate/Container",
            "source": {
                "type": "git",
                "url": "https://github.com/illuminate/container.git",
                "reference": "31433fbfc3ea8d04fc691b3cbb2b027f8e126d1e"
            },
            "dist": {
                "type": "zip",
                "url": "https://api.github.com/repos/illuminate/container/zipball/31433fbfc3ea8d04fc691b3cbb2b027f8e126d1e",
                "reference": "31433fbfc3ea8d04fc691b3cbb2b027f8e126d1e",
                "shasum": ""
            },
            "require": {
                "php": ">=5.4.0"
            },
            "type": "library",
            "extra": {
                "branch-alias": {
                    "dev-master": "4.2-dev"
                }
            },
            "autoload": {
                "psr-0": {
                    "Illuminate\\Container": ""
                }
            },
            "notification-url": "https://packagist.org/downloads/",
            "license": [
                "MIT"
            ],
            "authors": [
                {
                    "name": "Taylor Otwell",
                    "email": "taylorotwell@gmail.com"
                }
            ],
            "time": "2015-01-29 16:04:27"
        },
        {
            "name": "illuminate/support",
            "version": "4.2.x-dev",
            "target-dir": "Illuminate/Support",
            "source": {
                "type": "git",
                "url": "https://github.com/illuminate/support.git",
                "reference": "131741133aae79b085951b9382f42b088e479ef9"
            },
            "dist": {
                "type": "zip",
                "url": "https://api.github.com/repos/illuminate/support/zipball/131741133aae79b085951b9382f42b088e479ef9",
                "reference": "131741133aae79b085951b9382f42b088e479ef9",
                "shasum": ""
            },
            "require": {
                "php": ">=5.4.0"
            },
            "require-dev": {
                "jeremeamia/superclosure": "~1.0.1",
                "patchwork/utf8": "~1.1"
            },
            "type": "library",
            "extra": {
                "branch-alias": {
                    "dev-master": "4.2-dev"
                }
            },
            "autoload": {
                "psr-0": {
                    "Illuminate\\Support": ""
                },
                "files": [
                    "Illuminate/Support/helpers.php"
                ]
            },
            "notification-url": "https://packagist.org/downloads/",
            "license": [
                "MIT"
            ],
            "authors": [
                {
                    "name": "Taylor Otwell",
                    "email": "taylorotwell@gmail.com"
                }
            ],
            "time": "2015-01-27 20:51:43"
        },
        {
            "name": "julien-c/mongovel",
            "version": "dev-master",
            "source": {
                "type": "git",
                "url": "https://github.com/julien-c/mongovel.git",
                "reference": "94c110d372dd22e8f9525a36ace424af4d9f6cf4"
            },
            "dist": {
                "type": "zip",
                "url": "https://api.github.com/repos/julien-c/mongovel/zipball/94c110d372dd22e8f9525a36ace424af4d9f6cf4",
                "reference": "94c110d372dd22e8f9525a36ace424af4d9f6cf4",
                "shasum": ""
            },
            "require": {
                "illuminate/container": "~4",
                "illuminate/support": "~4",
                "php": ">=5.3.0"
            },
            "require-dev": {
                "mockery/mockery": "dev-master"
            },
            "type": "library",
            "autoload": {
                "psr-0": {
                    "Mongovel": "src/"
                }
            },
            "notification-url": "https://packagist.org/downloads/",
            "license": [
                "MIT"
            ],
            "authors": [
                {
                    "name": "Maxime Fabre",
                    "email": "ehtnam6@gmail.com"
                },
                {
                    "name": "Julien Chaumond",
                    "email": "chaumond@gmail.com"
                }
            ],
            "description": "A Laravel-ish wrapper to the PHP Mongo driver",
            "keywords": [
                "Laravel 4",
                "laravel",
                "mongo",
                "mongodb"
            ],
            "time": "2014-12-04 10:34:02"
        },
        {
            "name": "julien-c/simple-resize",
            "version": "dev-master",
            "source": {
                "type": "git",
                "url": "https://github.com/julien-c/SimpleResize.git",
                "reference": "9823a4dc618a9d3471525c5dafd5f365d70675d4"
            },
            "dist": {
                "type": "zip",
                "url": "https://api.github.com/repos/julien-c/SimpleResize/zipball/9823a4dc618a9d3471525c5dafd5f365d70675d4",
                "reference": "9823a4dc618a9d3471525c5dafd5f365d70675d4",
                "shasum": ""
            },
            "require": {
                "ext-gd": "*"
            },
            "type": "library",
            "autoload": {
                "psr-0": {
                    "SimpleResize": ""
                }
            },
            "notification-url": "https://packagist.org/downloads/",
            "authors": [
                {
                    "name": "Julien Chaumond",
                    "email": "chaumond@gmail.com"
                }
            ],
            "description": "Simple Composer port of Jarrod Oberto's Image Resizing class",
            "time": "2012-10-27 10:37:09"
        },
        {
            "name": "pimple/pimple",
            "version": "1.1.x-dev",
            "source": {
                "type": "git",
                "url": "https://github.com/silexphp/Pimple.git",
                "reference": "bc2fc12cdf1f29bcad9e650d493a54a8fd1f3d85"
            },
            "dist": {
                "type": "zip",
                "url": "https://api.github.com/repos/silexphp/Pimple/zipball/bc2fc12cdf1f29bcad9e650d493a54a8fd1f3d85",
                "reference": "bc2fc12cdf1f29bcad9e650d493a54a8fd1f3d85",
                "shasum": ""
            },
            "require": {
                "php": ">=5.3.0"
            },
            "type": "library",
            "extra": {
                "branch-alias": {
                    "dev-master": "1.1.x-dev"
                }
            },
            "autoload": {
                "psr-0": {
                    "Pimple": "lib/"
                }
            },
            "notification-url": "https://packagist.org/downloads/",
            "license": [
                "MIT"
            ],
            "authors": [
                {
                    "name": "Fabien Potencier",
                    "email": "fabien@symfony.com"
                }
            ],
            "description": "Pimple is a simple Dependency Injection Container for PHP 5.3",
            "homepage": "http://pimple.sensiolabs.org",
            "keywords": [
                "container",
                "dependency injection"
            ],
            "time": "2014-04-20 07:24:09"
        },
        {
            "name": "psr/log",
            "version": "dev-master",
            "source": {
                "type": "git",
                "url": "https://github.com/php-fig/log.git",
                "reference": "d8e60a5619fff77f9669da8997697443ef1a1d7e"
            },
            "dist": {
                "type": "zip",
                "url": "https://api.github.com/repos/php-fig/log/zipball/d8e60a5619fff77f9669da8997697443ef1a1d7e",
                "reference": "d8e60a5619fff77f9669da8997697443ef1a1d7e",
                "shasum": ""
            },
            "require": {
                "php": ">=5.3.0"
            },
            "type": "library",
            "extra": {
                "branch-alias": {
                    "dev-master": "1.0.x-dev"
                }
            },
            "autoload": {
                "psr-4": {
                    "Psr\\Log\\": "Psr/Log/"
                }
            },
            "notification-url": "https://packagist.org/downloads/",
            "license": [
                "MIT"
            ],
            "authors": [
                {
                    "name": "PHP-FIG",
                    "homepage": "http://www.php-fig.org/"
                }
            ],
            "description": "Common interface for logging libraries",
            "homepage": "https://github.com/php-fig/log",
            "keywords": [
                "log",
                "psr",
                "psr-3"
            ],
            "time": "2016-01-06 21:40:42"
        },
        {
            "name": "silex/silex",
            "version": "1.3.x-dev",
            "source": {
                "type": "git",
                "url": "https://github.com/silexphp/Silex.git",
                "reference": "c5fabd1217d6492a3783e134b6857c41e8374666"
            },
            "dist": {
                "type": "zip",
                "url": "https://api.github.com/repos/silexphp/Silex/zipball/c5fabd1217d6492a3783e134b6857c41e8374666",
                "reference": "c5fabd1217d6492a3783e134b6857c41e8374666",
                "shasum": ""
            },
            "require": {
                "php": ">=5.3.9",
                "pimple/pimple": "~1.0",
                "symfony/event-dispatcher": "~2.3|3.0.*",
                "symfony/http-foundation": "~2.3|3.0.*",
                "symfony/http-kernel": "~2.3|3.0.*",
                "symfony/routing": "~2.3|3.0.*"
            },
            "require-dev": {
                "doctrine/dbal": "~2.2",
                "monolog/monolog": "^1.4.1",
                "swiftmailer/swiftmailer": "~5",
                "symfony/browser-kit": "~2.3|3.0.*",
                "symfony/config": "~2.3|3.0.*",
                "symfony/css-selector": "~2.3|3.0.*",
                "symfony/debug": "~2.3|3.0.*",
                "symfony/dom-crawler": "~2.3|3.0.*",
                "symfony/finder": "~2.3|3.0.*",
                "symfony/form": "~2.3|3.0.*",
                "symfony/locale": "~2.3|3.0.*",
                "symfony/monolog-bridge": "~2.3|3.0.*",
                "symfony/options-resolver": "~2.3|3.0.*",
                "symfony/phpunit-bridge": "~2.7",
                "symfony/process": "~2.3|3.0.*",
                "symfony/security": "~2.3|3.0.*",
                "symfony/serializer": "~2.3|3.0.*",
                "symfony/translation": "~2.3|3.0.*",
                "symfony/twig-bridge": "~2.3|3.0.*",
                "symfony/validator": "~2.3|3.0.*",
                "twig/twig": "~1.8|~2.0"
            },
            "type": "library",
            "extra": {
                "branch-alias": {
                    "dev-master": "1.3.x-dev"
                }
            },
            "autoload": {
                "psr-4": {
                    "Silex\\": "src/Silex"
                }
            },
            "notification-url": "https://packagist.org/downloads/",
            "license": [
                "MIT"
            ],
            "authors": [
                {
                    "name": "Fabien Potencier",
                    "email": "fabien@symfony.com"
                },
                {
                    "name": "Igor Wiedler",
                    "email": "igor@wiedler.ch"
                }
            ],
            "description": "The PHP micro-framework based on the Symfony Components",
            "homepage": "http://silex.sensiolabs.org",
            "keywords": [
                "microframework"
            ],
            "time": "2016-02-08 07:46:07"
        },
        {
            "name": "symfony/debug",
            "version": "dev-master",
            "source": {
                "type": "git",
                "url": "https://github.com/symfony/debug.git",
                "reference": "5f4f7b4aaf3615f62183e818f5efa542d4fb95f2"
            },
            "dist": {
                "type": "zip",
                "url": "https://api.github.com/repos/symfony/debug/zipball/5f4f7b4aaf3615f62183e818f5efa542d4fb95f2",
                "reference": "5f4f7b4aaf3615f62183e818f5efa542d4fb95f2",
                "shasum": ""
            },
            "require": {
                "php": ">=5.5.9",
                "psr/log": "~1.0"
            },
            "conflict": {
                "symfony/http-kernel": ">=2.3,<2.3.24|~2.4.0|>=2.5,<2.5.9|>=2.6,<2.6.2"
            },
            "require-dev": {
                "symfony/class-loader": "~2.8|~3.0",
                "symfony/http-kernel": "~2.8|~3.0"
            },
            "type": "library",
            "extra": {
                "branch-alias": {
                    "dev-master": "3.1-dev"
                }
            },
            "autoload": {
                "psr-4": {
                    "Symfony\\Component\\Debug\\": ""
                },
                "exclude-from-classmap": [
                    "/Tests/"
                ]
            },
            "notification-url": "https://packagist.org/downloads/",
            "license": [
                "MIT"
            ],
            "authors": [
                {
                    "name": "Fabien Potencier",
                    "email": "fabien@symfony.com"
                },
                {
                    "name": "Symfony Community",
                    "homepage": "https://symfony.com/contributors"
                }
            ],
            "description": "Symfony Debug Component",
            "homepage": "https://symfony.com",
            "time": "2016-03-30 10:41:47"
        },
        {
            "name": "symfony/event-dispatcher",
            "version": "3.0.x-dev",
            "source": {
                "type": "git",
                "url": "https://github.com/symfony/event-dispatcher.git",
                "reference": "9002dcf018d884d294b1ef20a6f968efc1128f39"
            },
            "dist": {
                "type": "zip",
                "url": "https://api.github.com/repos/symfony/event-dispatcher/zipball/9002dcf018d884d294b1ef20a6f968efc1128f39",
                "reference": "9002dcf018d884d294b1ef20a6f968efc1128f39",
                "shasum": ""
            },
            "require": {
                "php": ">=5.5.9"
            },
            "require-dev": {
                "psr/log": "~1.0",
                "symfony/config": "~2.8|~3.0",
                "symfony/dependency-injection": "~2.8|~3.0",
                "symfony/expression-language": "~2.8|~3.0",
                "symfony/stopwatch": "~2.8|~3.0"
            },
            "suggest": {
                "symfony/dependency-injection": "",
                "symfony/http-kernel": ""
            },
            "type": "library",
            "extra": {
                "branch-alias": {
                    "dev-master": "3.0-dev"
                }
            },
            "autoload": {
                "psr-4": {
                    "Symfony\\Component\\EventDispatcher\\": ""
                },
                "exclude-from-classmap": [
                    "/Tests/"
                ]
            },
            "notification-url": "https://packagist.org/downloads/",
            "license": [
                "MIT"
            ],
            "authors": [
                {
                    "name": "Fabien Potencier",
                    "email": "fabien@symfony.com"
                },
                {
                    "name": "Symfony Community",
                    "homepage": "https://symfony.com/contributors"
                }
            ],
            "description": "Symfony EventDispatcher Component",
            "homepage": "https://symfony.com",
            "time": "2016-03-10 10:34:12"
        },
        {
            "name": "symfony/http-foundation",
            "version": "3.0.x-dev",
            "source": {
                "type": "git",
                "url": "https://github.com/symfony/http-foundation.git",
                "reference": "b508c1b4d86581ea2b577f067471333ce6b74221"
            },
            "dist": {
                "type": "zip",
                "url": "https://api.github.com/repos/symfony/http-foundation/zipball/b508c1b4d86581ea2b577f067471333ce6b74221",
                "reference": "b508c1b4d86581ea2b577f067471333ce6b74221",
                "shasum": ""
            },
            "require": {
                "php": ">=5.5.9",
                "symfony/polyfill-mbstring": "~1.1"
            },
            "require-dev": {
                "symfony/expression-language": "~2.8|~3.0"
            },
            "type": "library",
            "extra": {
                "branch-alias": {
                    "dev-master": "3.0-dev"
                }
            },
            "autoload": {
                "psr-4": {
                    "Symfony\\Component\\HttpFoundation\\": ""
                },
                "exclude-from-classmap": [
                    "/Tests/"
                ]
            },
            "notification-url": "https://packagist.org/downloads/",
            "license": [
                "MIT"
            ],
            "authors": [
                {
                    "name": "Fabien Potencier",
                    "email": "fabien@symfony.com"
                },
                {
                    "name": "Symfony Community",
                    "homepage": "https://symfony.com/contributors"
                }
            ],
            "description": "Symfony HttpFoundation Component",
            "homepage": "https://symfony.com",
            "time": "2016-04-02 08:04:34"
        },
        {
            "name": "symfony/http-kernel",
            "version": "3.0.x-dev",
            "source": {
                "type": "git",
                "url": "https://github.com/symfony/http-kernel.git",
                "reference": "f7698089cb78b5f200263da8bd6dd7dfa219c114"
            },
            "dist": {
                "type": "zip",
                "url": "https://api.github.com/repos/symfony/http-kernel/zipball/f7698089cb78b5f200263da8bd6dd7dfa219c114",
                "reference": "f7698089cb78b5f200263da8bd6dd7dfa219c114",
                "shasum": ""
            },
            "require": {
                "php": ">=5.5.9",
                "psr/log": "~1.0",
                "symfony/debug": "~2.8|~3.0",
                "symfony/event-dispatcher": "~2.8|~3.0",
                "symfony/http-foundation": "~2.8|~3.0"
            },
            "conflict": {
                "symfony/config": "<2.8"
            },
            "require-dev": {
                "symfony/browser-kit": "~2.8|~3.0",
                "symfony/class-loader": "~2.8|~3.0",
                "symfony/config": "~2.8|~3.0",
                "symfony/console": "~2.8|~3.0",
                "symfony/css-selector": "~2.8|~3.0",
                "symfony/dependency-injection": "~2.8|~3.0",
                "symfony/dom-crawler": "~2.8|~3.0",
                "symfony/expression-language": "~2.8|~3.0",
                "symfony/finder": "~2.8|~3.0",
                "symfony/process": "~2.8|~3.0",
                "symfony/routing": "~2.8|~3.0",
                "symfony/stopwatch": "~2.8|~3.0",
                "symfony/templating": "~2.8|~3.0",
                "symfony/translation": "~2.8|~3.0",
                "symfony/var-dumper": "~2.8|~3.0"
            },
            "suggest": {
                "symfony/browser-kit": "",
                "symfony/class-loader": "",
                "symfony/config": "",
                "symfony/console": "",
                "symfony/dependency-injection": "",
                "symfony/finder": "",
                "symfony/var-dumper": ""
            },
            "type": "library",
            "extra": {
                "branch-alias": {
                    "dev-master": "3.0-dev"
                }
            },
            "autoload": {
                "psr-4": {
                    "Symfony\\Component\\HttpKernel\\": ""
                },
                "exclude-from-classmap": [
                    "/Tests/"
                ]
            },
            "notification-url": "https://packagist.org/downloads/",
            "license": [
                "MIT"
            ],
            "authors": [
                {
                    "name": "Fabien Potencier",
                    "email": "fabien@symfony.com"
                },
                {
                    "name": "Symfony Community",
                    "homepage": "https://symfony.com/contributors"
                }
            ],
            "description": "Symfony HttpKernel Component",
            "homepage": "https://symfony.com",
            "time": "2016-03-30 12:11:33"
        },
        {
            "name": "symfony/polyfill-mbstring",
            "version": "dev-master",
            "source": {
                "type": "git",
                "url": "https://github.com/symfony/polyfill-mbstring.git",
                "reference": "1289d16209491b584839022f29257ad859b8532d"
            },
            "dist": {
                "type": "zip",
                "url": "https://api.github.com/repos/symfony/polyfill-mbstring/zipball/1289d16209491b584839022f29257ad859b8532d",
                "reference": "1289d16209491b584839022f29257ad859b8532d",
                "shasum": ""
            },
            "require": {
                "php": ">=5.3.3"
            },
            "suggest": {
                "ext-mbstring": "For best performance"
            },
            "type": "library",
            "extra": {
                "branch-alias": {
                    "dev-master": "1.1-dev"
                }
            },
            "autoload": {
                "psr-4": {
                    "Symfony\\Polyfill\\Mbstring\\": ""
                },
                "files": [
                    "bootstrap.php"
                ]
            },
            "notification-url": "https://packagist.org/downloads/",
            "license": [
                "MIT"
            ],
            "authors": [
                {
                    "name": "Nicolas Grekas",
                    "email": "p@tchwork.com"
                },
                {
                    "name": "Symfony Community",
                    "homepage": "https://symfony.com/contributors"
                }
            ],
            "description": "Symfony polyfill for the Mbstring extension",
            "homepage": "https://symfony.com",
            "keywords": [
                "compatibility",
                "mbstring",
                "polyfill",
                "portable",
                "shim"
            ],
            "time": "2016-01-20 09:13:37"
        },
        {
            "name": "symfony/routing",
            "version": "3.0.x-dev",
            "source": {
                "type": "git",
                "url": "https://github.com/symfony/routing.git",
                "reference": "0013248050fbd7d00ee90e7ea50c26ec425d666a"
            },
            "dist": {
                "type": "zip",
                "url": "https://api.github.com/repos/symfony/routing/zipball/0013248050fbd7d00ee90e7ea50c26ec425d666a",
                "reference": "0013248050fbd7d00ee90e7ea50c26ec425d666a",
                "shasum": ""
            },
            "require": {
                "php": ">=5.5.9"
            },
            "conflict": {
                "symfony/config": "<2.8"
            },
            "require-dev": {
                "doctrine/annotations": "~1.0",
                "doctrine/common": "~2.2",
                "psr/log": "~1.0",
                "symfony/config": "~2.8|~3.0",
                "symfony/expression-language": "~2.8|~3.0",
                "symfony/http-foundation": "~2.8|~3.0",
                "symfony/yaml": "~2.8|~3.0"
            },
            "suggest": {
                "doctrine/annotations": "For using the annotation loader",
                "symfony/config": "For using the all-in-one router or any loader",
                "symfony/dependency-injection": "For loading routes from a service",
                "symfony/expression-language": "For using expression matching",
                "symfony/http-foundation": "For using a Symfony Request object",
                "symfony/yaml": "For using the YAML loader"
            },
            "type": "library",
            "extra": {
                "branch-alias": {
                    "dev-master": "3.0-dev"
                }
            },
            "autoload": {
                "psr-4": {
                    "Symfony\\Component\\Routing\\": ""
                },
                "exclude-from-classmap": [
                    "/Tests/"
                ]
            },
            "notification-url": "https://packagist.org/downloads/",
            "license": [
                "MIT"
            ],
            "authors": [
                {
                    "name": "Fabien Potencier",
                    "email": "fabien@symfony.com"
                },
                {
                    "name": "Symfony Community",
                    "homepage": "https://symfony.com/contributors"
                }
            ],
            "description": "Symfony Routing Component",
            "homepage": "https://symfony.com",
            "keywords": [
                "router",
                "routing",
                "uri",
                "url"
            ],
            "time": "2016-04-02 08:04:34"
        }
    ],
    "packages-dev": [],
    "aliases": [],
    "minimum-stability": "dev",
    "stability-flags": [],
    "prefer-stable": false,
    "prefer-lowest": false,
    "platform": [],
    "platform-dev": []
}
